
Microsoft Visual Studio Solution File, Format Version 12.00
# Visual Studio 2012
Project("{FAE04EC0-301F-11D3-BF4B-00C04F79EFBC}") = "BowlingGame", "Code\BowlingGame.csproj", "{169D4530-F289-415C-811F-A203C310BD80}"
EndProject
Project("{2150E333-8FDC-42A3-9474-1A3956D46DE8}") = "SolutionItems", "SolutionItems", "{25486690-D610-410E-90E2-436A1F2CF943}"
	ProjectSection(SolutionItems) = preProject
		SolutionItems\NuGet.exe = SolutionItems\NuGet.exe
	EndProjectSection
EndProject
Global
	GlobalSection(SolutionConfigurationPlatforms) = preSolution
		Debug|Any CPU = Debug|Any CPU
		Release|Any CPU = Release|Any CPU
	EndGlobalSection
	GlobalSection(ProjectConfigurationPlatforms) = postSolution
		{169D4530-F289-415C-811F-A203C310BD80}.Debug|Any CPU.ActiveCfg = Debug|Any CPU
		{169D4530-F289-415C-811F-A203C310BD80}.Debug|Any CPU.Build.0 = Debug|Any CPU
		{169D4530-F289-415C-811F-A203C310BD80}.Release|Any CPU.ActiveCfg = Release|Any CPU
		{169D4530-F289-415C-811F-A203C310BD80}.Release|Any CPU.Build.0 = Release|Any CPU
	EndGlobalSection
	GlobalSection(SolutionProperties) = preSolution
		HideSolutionNode = FALSE
	EndGlobalSection
EndGlobal
